
Microsoft Visual Studio Solution File, Format Version 12.00
# Visual Studio Version 17
VisualStudioVersion = 17.11.35327.3
MinimumVisualStudioVersion = 10.0.40219.1
Project("{2150E333-8FDC-42A3-9474-1A3956D46DE8}") = "Solution Items", "Solution Items", "{46575B44-D3F3-447C-988D-9EC841DCCF57}"
	ProjectSection(SolutionItems) = preProject
		.editorconfig = .editorconfig
		.gitignore = .gitignore
		.github\workflows\ci.yml = .github\workflows\ci.yml
		LICENSE = LICENSE
		pull_request_template.md = pull_request_template.md
		README.md = README.md
	EndProjectSection
EndProject
Project("{2150E333-8FDC-42A3-9474-1A3956D46DE8}") = "src", "src", "{995F4A67-AF6A-41D6-A24D-E666B8006C61}"
EndProject
Project("{2150E333-8FDC-42A3-9474-1A3956D46DE8}") = "tests", "tests", "{69147F17-F6F6-415A-A361-5F750C2D8517}"
EndProject
Project("{2150E333-8FDC-42A3-9474-1A3956D46DE8}") = "01-Presentation", "01-Presentation", "{F56EDD33-FF2A-4A8A-BCED-3DC7BBAB81D9}"
EndProject
Project("{2150E333-8FDC-42A3-9474-1A3956D46DE8}") = "02-Domain", "02-Domain", "{1880E720-3E31-4D7A-8F0C-A5295342CC1A}"
EndProject
Project("{2150E333-8FDC-42A3-9474-1A3956D46DE8}") = "01-Presentation", "01-Presentation", "{87C5497C-564F-4393-82D4-82F2A50A40FF}"
EndProject
Project("{2150E333-8FDC-42A3-9474-1A3956D46DE8}") = "02-Domain", "02-Domain", "{5522DAB5-6D3D-4BF0-9BA5-7356352230D9}"
EndProject
Project("{2150E333-8FDC-42A3-9474-1A3956D46DE8}") = "03-Database", "03-Database", "{FA6BC51E-80C5-402C-BCD0-60CFAC817A90}"
EndProject
Project("{2150E333-8FDC-42A3-9474-1A3956D46DE8}") = "03-Database", "03-Database", "{190D0FF2-4E3C-4F86-AFC7-54540D1D7319}"
EndProject
Project("{2150E333-8FDC-42A3-9474-1A3956D46DE8}") = "04-CrossCutting", "04-CrossCutting", "{A8F42B92-2968-4C2A-9DC5-E896758EE4B4}"
EndProject
Project("{2150E333-8FDC-42A3-9474-1A3956D46DE8}") = "04-CrossCutting", "04-CrossCutting", "{154EB61B-EF7F-4D0F-9AE7-FEDBAC8DAD2F}"
EndProject
Project("{2150E333-8FDC-42A3-9474-1A3956D46DE8}") = "01.1-Api", "01.1-Api", "{B6F14FAB-535D-483F-A9B8-AE9AC7597153}"
EndProject
Project("{2150E333-8FDC-42A3-9474-1A3956D46DE8}") = "01.1-API", "01.1-API", "{25D2D668-9C5E-4A52-A812-88418B4A9424}"
EndProject
Project("{9A19103F-16F7-4668-BE54-9A1E7A4F7556}") = "Livraria.Domain.Contracts", "src\Livraria.Domain.Contracts\Livraria.Domain.Contracts.csproj", "{12282C57-688B-4735-8B1A-05C6313E7DE0}"
EndProject
Project("{9A19103F-16F7-4668-BE54-9A1E7A4F7556}") = "Livraria.Domain", "src\Livraria.Domain\Livraria.Domain.csproj", "{DA48BB3A-4F11-4AC7-8472-50AF84286C26}"
EndProject
Project("{9A19103F-16F7-4668-BE54-9A1E7A4F7556}") = "Livraria.Domain.Tests", "tests\Livraria.Domain.Tests\Livraria.Domain.Tests.csproj", "{026A5F5F-6370-4044-96C8-37AC1B594BB6}"
EndProject
Project("{9A19103F-16F7-4668-BE54-9A1E7A4F7556}") = "Livraria.API", "src\Livraria.API\Livraria.API.csproj", "{05ED688D-45B7-4AA8-9A38-292ECB436DD9}"
EndProject
Project("{9A19103F-16F7-4668-BE54-9A1E7A4F7556}") = "Livraria.Database", "src\Livraria.Database\Livraria.Database.csproj", "{75A5C779-C424-48DE-91D9-C12CB73D296C}"
EndProject
Project("{9A19103F-16F7-4668-BE54-9A1E7A4F7556}") = "Livraria.IOC", "src\Livraria.IOC\Livraria.IOC.csproj", "{01CD047C-79A1-4176-8197-44A1C1A85AC2}"
EndProject
Project("{9A19103F-16F7-4668-BE54-9A1E7A4F7556}") = "Livraria.Database.Tests", "tests\Livraria.Database.Tests\Livraria.Database.Tests.csproj", "{B9459264-E695-4677-A30B-BF393442674E}"
EndProject
Global
	GlobalSection(SolutionConfigurationPlatforms) = preSolution
		Debug|Any CPU = Debug|Any CPU
		Release|Any CPU = Release|Any CPU
	EndGlobalSection
	GlobalSection(ProjectConfigurationPlatforms) = postSolution
		{12282C57-688B-4735-8B1A-05C6313E7DE0}.Debug|Any CPU.ActiveCfg = Debug|Any CPU
		{12282C57-688B-4735-8B1A-05C6313E7DE0}.Debug|Any CPU.Build.0 = Debug|Any CPU
		{12282C57-688B-4735-8B1A-05C6313E7DE0}.Release|Any CPU.ActiveCfg = Release|Any CPU
		{12282C57-688B-4735-8B1A-05C6313E7DE0}.Release|Any CPU.Build.0 = Release|Any CPU
		{DA48BB3A-4F11-4AC7-8472-50AF84286C26}.Debug|Any CPU.ActiveCfg = Debug|Any CPU
		{DA48BB3A-4F11-4AC7-8472-50AF84286C26}.Debug|Any CPU.Build.0 = Debug|Any CPU
		{DA48BB3A-4F11-4AC7-8472-50AF84286C26}.Release|Any CPU.ActiveCfg = Release|Any CPU
		{DA48BB3A-4F11-4AC7-8472-50AF84286C26}.Release|Any CPU.Build.0 = Release|Any CPU
		{026A5F5F-6370-4044-96C8-37AC1B594BB6}.Debug|Any CPU.ActiveCfg = Debug|Any CPU
		{026A5F5F-6370-4044-96C8-37AC1B594BB6}.Debug|Any CPU.Build.0 = Debug|Any CPU
		{026A5F5F-6370-4044-96C8-37AC1B594BB6}.Release|Any CPU.ActiveCfg = Release|Any CPU
		{026A5F5F-6370-4044-96C8-37AC1B594BB6}.Release|Any CPU.Build.0 = Release|Any CPU
		{05ED688D-45B7-4AA8-9A38-292ECB436DD9}.Debug|Any CPU.ActiveCfg = Debug|Any CPU
		{05ED688D-45B7-4AA8-9A38-292ECB436DD9}.Debug|Any CPU.Build.0 = Debug|Any CPU
		{05ED688D-45B7-4AA8-9A38-292ECB436DD9}.Release|Any CPU.ActiveCfg = Release|Any CPU
		{05ED688D-45B7-4AA8-9A38-292ECB436DD9}.Release|Any CPU.Build.0 = Release|Any CPU
		{75A5C779-C424-48DE-91D9-C12CB73D296C}.Debug|Any CPU.ActiveCfg = Debug|Any CPU
		{75A5C779-C424-48DE-91D9-C12CB73D296C}.Debug|Any CPU.Build.0 = Debug|Any CPU
		{75A5C779-C424-48DE-91D9-C12CB73D296C}.Release|Any CPU.ActiveCfg = Release|Any CPU
		{75A5C779-C424-48DE-91D9-C12CB73D296C}.Release|Any CPU.Build.0 = Release|Any CPU
		{01CD047C-79A1-4176-8197-44A1C1A85AC2}.Debug|Any CPU.ActiveCfg = Debug|Any CPU
		{01CD047C-79A1-4176-8197-44A1C1A85AC2}.Debug|Any CPU.Build.0 = Debug|Any CPU
		{01CD047C-79A1-4176-8197-44A1C1A85AC2}.Release|Any CPU.ActiveCfg = Release|Any CPU
		{01CD047C-79A1-4176-8197-44A1C1A85AC2}.Release|Any CPU.Build.0 = Release|Any CPU
		{B9459264-E695-4677-A30B-BF393442674E}.Debug|Any CPU.ActiveCfg = Debug|Any CPU
		{B9459264-E695-4677-A30B-BF393442674E}.Debug|Any CPU.Build.0 = Debug|Any CPU
		{B9459264-E695-4677-A30B-BF393442674E}.Release|Any CPU.ActiveCfg = Release|Any CPU
		{B9459264-E695-4677-A30B-BF393442674E}.Release|Any CPU.Build.0 = Release|Any CPU
	EndGlobalSection
	GlobalSection(SolutionProperties) = preSolution
		HideSolutionNode = FALSE
	EndGlobalSection
	GlobalSection(NestedProjects) = preSolution
		{F56EDD33-FF2A-4A8A-BCED-3DC7BBAB81D9} = {995F4A67-AF6A-41D6-A24D-E666B8006C61}
		{1880E720-3E31-4D7A-8F0C-A5295342CC1A} = {995F4A67-AF6A-41D6-A24D-E666B8006C61}
		{87C5497C-564F-4393-82D4-82F2A50A40FF} = {69147F17-F6F6-415A-A361-5F750C2D8517}
		{5522DAB5-6D3D-4BF0-9BA5-7356352230D9} = {69147F17-F6F6-415A-A361-5F750C2D8517}
		{FA6BC51E-80C5-402C-BCD0-60CFAC817A90} = {69147F17-F6F6-415A-A361-5F750C2D8517}
		{190D0FF2-4E3C-4F86-AFC7-54540D1D7319} = {995F4A67-AF6A-41D6-A24D-E666B8006C61}
		{A8F42B92-2968-4C2A-9DC5-E896758EE4B4} = {995F4A67-AF6A-41D6-A24D-E666B8006C61}
		{154EB61B-EF7F-4D0F-9AE7-FEDBAC8DAD2F} = {69147F17-F6F6-415A-A361-5F750C2D8517}
		{B6F14FAB-535D-483F-A9B8-AE9AC7597153} = {F56EDD33-FF2A-4A8A-BCED-3DC7BBAB81D9}
		{25D2D668-9C5E-4A52-A812-88418B4A9424} = {87C5497C-564F-4393-82D4-82F2A50A40FF}
		{12282C57-688B-4735-8B1A-05C6313E7DE0} = {1880E720-3E31-4D7A-8F0C-A5295342CC1A}
		{DA48BB3A-4F11-4AC7-8472-50AF84286C26} = {1880E720-3E31-4D7A-8F0C-A5295342CC1A}
		{026A5F5F-6370-4044-96C8-37AC1B594BB6} = {5522DAB5-6D3D-4BF0-9BA5-7356352230D9}
		{05ED688D-45B7-4AA8-9A38-292ECB436DD9} = {B6F14FAB-535D-483F-A9B8-AE9AC7597153}
		{75A5C779-C424-48DE-91D9-C12CB73D296C} = {190D0FF2-4E3C-4F86-AFC7-54540D1D7319}
		{01CD047C-79A1-4176-8197-44A1C1A85AC2} = {A8F42B92-2968-4C2A-9DC5-E896758EE4B4}
		{B9459264-E695-4677-A30B-BF393442674E} = {FA6BC51E-80C5-402C-BCD0-60CFAC817A90}
	EndGlobalSection
	GlobalSection(ExtensibilityGlobals) = postSolution
		SolutionGuid = {A0A11274-3CEC-4740-AD26-94B3D3AD36BB}
	EndGlobalSection
EndGlobal
